
Microsoft Visual Studio Solution File, Format Version 12.00
# Visual Studio Version 17
VisualStudioVersion = 17.0.31912.275
MinimumVisualStudioVersion = 10.0.40219.1
Project("{FAE04EC0-301F-11D3-BF4B-00C04F79EFBC}") = "CsvDemo", "CsvDemo.csproj", "{EF31A8DC-4D4F-4C1C-9392-46F8F384B16A}"
EndProject
Global
	GlobalSection(SolutionConfigurationPlatforms) = preSolution
		Debug|Any CPU = Debug|Any CPU
		Release|Any CPU = Release|Any CPU
	EndGlobalSection
	GlobalSection(ProjectConfigurationPlatforms) = postSolution
		{EF31A8DC-4D4F-4C1C-9392-46F8F384B16A}.Debug|Any CPU.ActiveCfg = Debug|Any CPU
		{EF31A8DC-4D4F-4C1C-9392-46F8F384B16A}.Debug|Any CPU.Build.0 = Debug|Any CPU
		{EF31A8DC-4D4F-4C1C-9392-46F8F384B16A}.Release|Any CPU.ActiveCfg = Release|Any CPU
		{EF31A8DC-4D4F-4C1C-9392-46F8F384B16A}.Release|Any CPU.Build.0 = Release|Any CPU
	EndGlobalSection
	GlobalSection(SolutionProperties) = preSolution
		HideSolutionNode = FALSE
	EndGlobalSection
	GlobalSection(ExtensibilityGlobals) = postSolution
		SolutionGuid = {8E8F3702-F6F2-4A27-A629-3898C5E802E2}
	EndGlobalSection
EndGlobal
